
Microsoft Visual Studio Solution File, Format Version 12.00
# Visual Studio Version 17
VisualStudioVersion = 17.8.34525.116
MinimumVisualStudioVersion = 10.0.40219.1
Project("{FAE04EC0-301F-11D3-BF4B-00C04F79EFBC}") = "Intro", "intro\Intro.csproj", "{2BE28E2E-B932-4F0D-A98A-4C34CDB9301D}"
EndProject
Global
	GlobalSection(SolutionConfigurationPlatforms) = preSolution
		Debug|Any CPU = Debug|Any CPU
		Release|Any CPU = Release|Any CPU
	EndGlobalSection
	GlobalSection(ProjectConfigurationPlatforms) = postSolution
		{2BE28E2E-B932-4F0D-A98A-4C34CDB9301D}.Debug|Any CPU.ActiveCfg = Debug|Any CPU
		{2BE28E2E-B932-4F0D-A98A-4C34CDB9301D}.Debug|Any CPU.Build.0 = Debug|Any CPU
		{2BE28E2E-B932-4F0D-A98A-4C34CDB9301D}.Release|Any CPU.ActiveCfg = Release|Any CPU
		{2BE28E2E-B932-4F0D-A98A-4C34CDB9301D}.Release|Any CPU.Build.0 = Release|Any CPU
	EndGlobalSection
	GlobalSection(SolutionProperties) = preSolution
		HideSolutionNode = FALSE
	EndGlobalSection
	GlobalSection(ExtensibilityGlobals) = postSolution
		SolutionGuid = {076DAE77-EBF7-4730-9476-5792B2A1AE5F}
	EndGlobalSection
EndGlobal
